
Microsoft Visual Studio Solution File, Format Version 12.00
# Visual Studio Version 17
VisualStudioVersion = 17.5.33516.290
MinimumVisualStudioVersion = 10.0.40219.1
Project("{FAE04EC0-301F-11D3-BF4B-00C04F79EFBC}") = "MemoryTitlesGame", "MemoryTitlesGame\MemoryTitlesGame.csproj", "{80BF0672-F6B5-4FB2-8D9D-47FEBB3822D6}"
EndProject
Global
	GlobalSection(SolutionConfigurationPlatforms) = preSolution
		Debug|Any CPU = Debug|Any CPU
		Release|Any CPU = Release|Any CPU
	EndGlobalSection
	GlobalSection(ProjectConfigurationPlatforms) = postSolution
		{80BF0672-F6B5-4FB2-8D9D-47FEBB3822D6}.Debug|Any CPU.ActiveCfg = Debug|Any CPU
		{80BF0672-F6B5-4FB2-8D9D-47FEBB3822D6}.Debug|Any CPU.Build.0 = Debug|Any CPU
		{80BF0672-F6B5-4FB2-8D9D-47FEBB3822D6}.Release|Any CPU.ActiveCfg = Release|Any CPU
		{80BF0672-F6B5-4FB2-8D9D-47FEBB3822D6}.Release|Any CPU.Build.0 = Release|Any CPU
	EndGlobalSection
	GlobalSection(SolutionProperties) = preSolution
		HideSolutionNode = FALSE
	EndGlobalSection
	GlobalSection(ExtensibilityGlobals) = postSolution
		SolutionGuid = {E0B7A223-32A2-40BB-A19D-64AA475145C6}
	EndGlobalSection
EndGlobal
